
Microsoft Visual Studio Solution File, Format Version 12.00
# Visual Studio Version 16
VisualStudioVersion = 16.0.30621.155
MinimumVisualStudioVersion = 10.0.40219.1
Project("{FAE04EC0-301F-11D3-BF4B-00C04F79EFBC}") = "TicTacToe Game", "TicTacToe Game\TicTacToe Game.csproj", "{4DEEE30A-F432-4CAF-A94F-BD82626A3B4E}"
EndProject
Global
	GlobalSection(SolutionConfigurationPlatforms) = preSolution
		Debug|Any CPU = Debug|Any CPU
		Release|Any CPU = Release|Any CPU
	EndGlobalSection
	GlobalSection(ProjectConfigurationPlatforms) = postSolution
		{4DEEE30A-F432-4CAF-A94F-BD82626A3B4E}.Debug|Any CPU.ActiveCfg = Debug|Any CPU
		{4DEEE30A-F432-4CAF-A94F-BD82626A3B4E}.Debug|Any CPU.Build.0 = Debug|Any CPU
		{4DEEE30A-F432-4CAF-A94F-BD82626A3B4E}.Release|Any CPU.ActiveCfg = Release|Any CPU
		{4DEEE30A-F432-4CAF-A94F-BD82626A3B4E}.Release|Any CPU.Build.0 = Release|Any CPU
	EndGlobalSection
	GlobalSection(SolutionProperties) = preSolution
		HideSolutionNode = FALSE
	EndGlobalSection
	GlobalSection(ExtensibilityGlobals) = postSolution
		SolutionGuid = {59AB7A01-76D4-402B-BFDC-5AD76FA42753}
	EndGlobalSection
EndGlobal
