
Microsoft Visual Studio Solution File, Format Version 12.00
# Visual Studio Version 16
VisualStudioVersion = 16.0.30621.155
MinimumVisualStudioVersion = 10.0.40219.1
Project("{FAE04EC0-301F-11D3-BF4B-00C04F79EFBC}") = "TicTacToe Statistics", "TicTacToe Statistics\TicTacToe Statistics.csproj", "{B0ACE895-2339-4987-AE6A-D52B8ED9AE20}"
EndProject
Global
	GlobalSection(SolutionConfigurationPlatforms) = preSolution
		Debug|Any CPU = Debug|Any CPU
		Release|Any CPU = Release|Any CPU
	EndGlobalSection
	GlobalSection(ProjectConfigurationPlatforms) = postSolution
		{B0ACE895-2339-4987-AE6A-D52B8ED9AE20}.Debug|Any CPU.ActiveCfg = Debug|Any CPU
		{B0ACE895-2339-4987-AE6A-D52B8ED9AE20}.Debug|Any CPU.Build.0 = Debug|Any CPU
		{B0ACE895-2339-4987-AE6A-D52B8ED9AE20}.Release|Any CPU.ActiveCfg = Release|Any CPU
		{B0ACE895-2339-4987-AE6A-D52B8ED9AE20}.Release|Any CPU.Build.0 = Release|Any CPU
	EndGlobalSection
	GlobalSection(SolutionProperties) = preSolution
		HideSolutionNode = FALSE
	EndGlobalSection
	GlobalSection(ExtensibilityGlobals) = postSolution
		SolutionGuid = {47261D67-19E2-4AB7-9316-58CC8D7AC17D}
	EndGlobalSection
EndGlobal
